
Microsoft Visual Studio Solution File, Format Version 12.00
# Visual Studio Version 17
VisualStudioVersion = 17.0.31903.59
MinimumVisualStudioVersion = 10.0.40219.1
Project("{FAE04EC0-301F-11D3-BF4B-00C04F79EFBC}") = "Day1", "Day1\Day1.csproj", "{82A53530-5626-4565-B79C-CE96034C69B8}"
EndProject
Project("{FAE04EC0-301F-11D3-BF4B-00C04F79EFBC}") = "Day2", "Day2\Day2.csproj", "{244F38C9-77D2-4499-BEA2-869F446010F8}"
EndProject
Project("{FAE04EC0-301F-11D3-BF4B-00C04F79EFBC}") = "Day3", "Day3\Day3.csproj", "{BD6C5187-F04D-4AD7-921C-6914A5AEC2C6}"
EndProject
Project("{FAE04EC0-301F-11D3-BF4B-00C04F79EFBC}") = "Day4", "Day4\Day4.csproj", "{71BB4F58-B5FA-4CCA-8B6E-B1CC57AC92E4}"
EndProject
Project("{FAE04EC0-301F-11D3-BF4B-00C04F79EFBC}") = "Day5", "Day5\Day5.csproj", "{DD5745E4-52A1-4F26-B12B-2B48614F1267}"
EndProject
Project("{FAE04EC0-301F-11D3-BF4B-00C04F79EFBC}") = "Day6", "Day6\Day6.csproj", "{CBEF995E-5C05-445C-8050-E475F05A91C6}"
EndProject
Project("{FAE04EC0-301F-11D3-BF4B-00C04F79EFBC}") = "Day7", "Day7\Day7.csproj", "{63347654-1B62-4F3D-8C5C-AADE5D0AB8A0}"
EndProject
Project("{FAE04EC0-301F-11D3-BF4B-00C04F79EFBC}") = "Day8", "Day8\Day8.csproj", "{E9BD15F0-B66F-4AE7-B600-DB3FBA5978E7}"
EndProject
Project("{FAE04EC0-301F-11D3-BF4B-00C04F79EFBC}") = "Day9", "Day9\Day9.csproj", "{F0822D4C-9644-4244-9F0D-F27500583073}"
EndProject
Project("{FAE04EC0-301F-11D3-BF4B-00C04F79EFBC}") = "Day10", "Day10\Day10.csproj", "{4380B920-8B92-41DC-B47B-90DF3DF75A4C}"
EndProject
Project("{FAE04EC0-301F-11D3-BF4B-00C04F79EFBC}") = "Day11", "Day11\Day11.csproj", "{7E82DA44-D878-42AB-8E94-5120A1CC8851}"
EndProject
Global
	GlobalSection(SolutionConfigurationPlatforms) = preSolution
		Debug|Any CPU = Debug|Any CPU
		Release|Any CPU = Release|Any CPU
	EndGlobalSection
	GlobalSection(SolutionProperties) = preSolution
		HideSolutionNode = FALSE
	EndGlobalSection
	GlobalSection(ProjectConfigurationPlatforms) = postSolution
		{82A53530-5626-4565-B79C-CE96034C69B8}.Debug|Any CPU.ActiveCfg = Debug|Any CPU
		{82A53530-5626-4565-B79C-CE96034C69B8}.Debug|Any CPU.Build.0 = Debug|Any CPU
		{82A53530-5626-4565-B79C-CE96034C69B8}.Release|Any CPU.ActiveCfg = Release|Any CPU
		{82A53530-5626-4565-B79C-CE96034C69B8}.Release|Any CPU.Build.0 = Release|Any CPU
		{244F38C9-77D2-4499-BEA2-869F446010F8}.Debug|Any CPU.ActiveCfg = Debug|Any CPU
		{244F38C9-77D2-4499-BEA2-869F446010F8}.Debug|Any CPU.Build.0 = Debug|Any CPU
		{244F38C9-77D2-4499-BEA2-869F446010F8}.Release|Any CPU.ActiveCfg = Release|Any CPU
		{244F38C9-77D2-4499-BEA2-869F446010F8}.Release|Any CPU.Build.0 = Release|Any CPU
		{BD6C5187-F04D-4AD7-921C-6914A5AEC2C6}.Debug|Any CPU.ActiveCfg = Debug|Any CPU
		{BD6C5187-F04D-4AD7-921C-6914A5AEC2C6}.Debug|Any CPU.Build.0 = Debug|Any CPU
		{BD6C5187-F04D-4AD7-921C-6914A5AEC2C6}.Release|Any CPU.ActiveCfg = Release|Any CPU
		{BD6C5187-F04D-4AD7-921C-6914A5AEC2C6}.Release|Any CPU.Build.0 = Release|Any CPU
		{71BB4F58-B5FA-4CCA-8B6E-B1CC57AC92E4}.Debug|Any CPU.ActiveCfg = Debug|Any CPU
		{71BB4F58-B5FA-4CCA-8B6E-B1CC57AC92E4}.Debug|Any CPU.Build.0 = Debug|Any CPU
		{71BB4F58-B5FA-4CCA-8B6E-B1CC57AC92E4}.Release|Any CPU.ActiveCfg = Release|Any CPU
		{71BB4F58-B5FA-4CCA-8B6E-B1CC57AC92E4}.Release|Any CPU.Build.0 = Release|Any CPU
		{DD5745E4-52A1-4F26-B12B-2B48614F1267}.Debug|Any CPU.ActiveCfg = Debug|Any CPU
		{DD5745E4-52A1-4F26-B12B-2B48614F1267}.Debug|Any CPU.Build.0 = Debug|Any CPU
		{DD5745E4-52A1-4F26-B12B-2B48614F1267}.Release|Any CPU.ActiveCfg = Release|Any CPU
		{DD5745E4-52A1-4F26-B12B-2B48614F1267}.Release|Any CPU.Build.0 = Release|Any CPU
		{CBEF995E-5C05-445C-8050-E475F05A91C6}.Debug|Any CPU.ActiveCfg = Debug|Any CPU
		{CBEF995E-5C05-445C-8050-E475F05A91C6}.Debug|Any CPU.Build.0 = Debug|Any CPU
		{CBEF995E-5C05-445C-8050-E475F05A91C6}.Release|Any CPU.ActiveCfg = Release|Any CPU
		{CBEF995E-5C05-445C-8050-E475F05A91C6}.Release|Any CPU.Build.0 = Release|Any CPU
		{63347654-1B62-4F3D-8C5C-AADE5D0AB8A0}.Debug|Any CPU.ActiveCfg = Debug|Any CPU
		{63347654-1B62-4F3D-8C5C-AADE5D0AB8A0}.Debug|Any CPU.Build.0 = Debug|Any CPU
		{63347654-1B62-4F3D-8C5C-AADE5D0AB8A0}.Release|Any CPU.ActiveCfg = Release|Any CPU
		{63347654-1B62-4F3D-8C5C-AADE5D0AB8A0}.Release|Any CPU.Build.0 = Release|Any CPU
		{E9BD15F0-B66F-4AE7-B600-DB3FBA5978E7}.Debug|Any CPU.ActiveCfg = Debug|Any CPU
		{E9BD15F0-B66F-4AE7-B600-DB3FBA5978E7}.Debug|Any CPU.Build.0 = Debug|Any CPU
		{E9BD15F0-B66F-4AE7-B600-DB3FBA5978E7}.Release|Any CPU.ActiveCfg = Release|Any CPU
		{E9BD15F0-B66F-4AE7-B600-DB3FBA5978E7}.Release|Any CPU.Build.0 = Release|Any CPU
		{F0822D4C-9644-4244-9F0D-F27500583073}.Debug|Any CPU.ActiveCfg = Debug|Any CPU
		{F0822D4C-9644-4244-9F0D-F27500583073}.Debug|Any CPU.Build.0 = Debug|Any CPU
		{F0822D4C-9644-4244-9F0D-F27500583073}.Release|Any CPU.ActiveCfg = Release|Any CPU
		{F0822D4C-9644-4244-9F0D-F27500583073}.Release|Any CPU.Build.0 = Release|Any CPU
		{4380B920-8B92-41DC-B47B-90DF3DF75A4C}.Debug|Any CPU.ActiveCfg = Debug|Any CPU
		{4380B920-8B92-41DC-B47B-90DF3DF75A4C}.Debug|Any CPU.Build.0 = Debug|Any CPU
		{4380B920-8B92-41DC-B47B-90DF3DF75A4C}.Release|Any CPU.ActiveCfg = Release|Any CPU
		{4380B920-8B92-41DC-B47B-90DF3DF75A4C}.Release|Any CPU.Build.0 = Release|Any CPU
		{7E82DA44-D878-42AB-8E94-5120A1CC8851}.Debug|Any CPU.ActiveCfg = Debug|Any CPU
		{7E82DA44-D878-42AB-8E94-5120A1CC8851}.Debug|Any CPU.Build.0 = Debug|Any CPU
		{7E82DA44-D878-42AB-8E94-5120A1CC8851}.Release|Any CPU.ActiveCfg = Release|Any CPU
		{7E82DA44-D878-42AB-8E94-5120A1CC8851}.Release|Any CPU.Build.0 = Release|Any CPU
	EndGlobalSection
EndGlobal
